# THIS IS AN AUTOGENERATED FILE. DO NOT EDIT THIS FILE DIRECTLY.
# yarn lockfile v1


"@mulmocast/deck@^0.7.0":
  version "0.7.0"
  resolved "https://npm.flatt.tech/@mulmocast/deck/-/deck-0.7.0.tgz#53ee2d9cab4f6df2b2984fcf9029aaf4ba39c744"
  integrity sha512-m2DJ5tipv3ug+KwsH4dWad2lID4nVzjhaNN8dDyosKARfG1sPsVjU3Ti4rJRAwi9d84N3bkKWocGlRS8C4NxXw==
  dependencies:
    zod "^4.4.3"

typescript@^5.7.2:
  version "5.9.3"
  resolved "https://registry.yarnpkg.com/typescript/-/typescript-5.9.3.tgz#5b4f59e15310ab17a216f5d6cf53ee476ede670f"
  integrity sha512-jl1vZzPDinLr9eUt3J/t7V6FgNEw9QjvBPdysz9KfQDD41fQrC2Y4vKQdiaUpFT4bXlb1RHhLpp8wtm6M5TgSw==

zod@^4.4.3:
  version "4.4.3"
  resolved "https://npm.flatt.tech/zod/-/zod-4.4.3.tgz#b680f172885d18bbebf21a834ea25e55a1bbf356"
  integrity sha512-ytENFjIJFl2UwYglde2jchW2Hwm4GJFLDiSXWdTrJQBIN9Fcyp7n4DhxJEiWNAJMV1/BqWfW/kkg71UDcHJyTQ==
