# THIS IS AN AUTOGENERATED FILE. DO NOT EDIT THIS FILE DIRECTLY.
# yarn lockfile v1


"@mulmocast/deck@^2.0.0":
  version "2.0.0"
  resolved "https://registry.yarnpkg.com/@mulmocast/deck/-/deck-2.0.0.tgz#e4b6c7079c7100caf53d3f88525d84d361675b9a"
  integrity sha512-XKpytrEidr86dQyJMXEWPEGDrWdHLi/ziECEPC34VugHmsWxu9L3r04T49gAvZMpqBLJ5H478bYrLT8yInET1w==
  dependencies:
    zod "^4.4.3"

typescript@^5.7.2:
  version "5.9.3"
  resolved "https://registry.yarnpkg.com/typescript/-/typescript-5.9.3.tgz#5b4f59e15310ab17a216f5d6cf53ee476ede670f"
  integrity sha512-jl1vZzPDinLr9eUt3J/t7V6FgNEw9QjvBPdysz9KfQDD41fQrC2Y4vKQdiaUpFT4bXlb1RHhLpp8wtm6M5TgSw==

zod@^4.4.3:
  version "4.4.3"
  resolved "https://npm.flatt.tech/zod/-/zod-4.4.3.tgz#b680f172885d18bbebf21a834ea25e55a1bbf356"
  integrity sha512-ytENFjIJFl2UwYglde2jchW2Hwm4GJFLDiSXWdTrJQBIN9Fcyp7n4DhxJEiWNAJMV1/BqWfW/kkg71UDcHJyTQ==
